// !$*UTF8*$!
{
	archiveVersion = 1;
	classes = {
	};
	objectVersion = 50;
	objects = {

/* Begin PBXBuildFile section */
		821AB0F52577C2D700EA39D5 /* FAQView.swift in Sources */ = {isa = PBXBuildFile; fileRef = 821AB0F42577C2D700EA39D5 /* FAQView.swift */; };
		821AB0FB2577C9E600EA39D5 /* AboutView.swift in Sources */ = {isa = PBXBuildFile; fileRef = 821AB0FA2577C9E600EA39D5 /* AboutView.swift */; };
		821AB0FD2577CA4600EA39D5 /* ViewExtesions.swift in Sources */ = {isa = PBXBuildFile; fileRef = 821AB0FC2577CA4600EA39D5 /* ViewExtesions.swift */; };
		821AB0FF2577CC0600EA39D5 /* LanguageView.swift in Sources */ = {isa = PBXBuildFile; fileRef = 821AB0FE2577CC0600EA39D5 /* LanguageView.swift */; };
		821AB1012577D5ED00EA39D5 /* SaveAccountsView.swift in Sources */ = {isa = PBXBuildFile; fileRef = 821AB1002577D5ED00EA39D5 /* SaveAccountsView.swift */; };
		821AB1032577DD8600EA39D5 /* LaunchView.swift in Sources */ = {isa = PBXBuildFile; fileRef = 821AB1022577DD8600EA39D5 /* LaunchView.swift */; };
		822E953925530A6D00E98F22 /* AppDelegate.swift in Sources */ = {isa = PBXBuildFile; fileRef = 822E953825530A6D00E98F22 /* AppDelegate.swift */; };
		822E953B25530A6D00E98F22 /* SceneDelegate.swift in Sources */ = {isa = PBXBuildFile; fileRef = 822E953A25530A6D00E98F22 /* SceneDelegate.swift */; };
		822E953D25530A6D00E98F22 /* ContentView.swift in Sources */ = {isa = PBXBuildFile; fileRef = 822E953C25530A6D00E98F22 /* ContentView.swift */; };
		822E953F25530A6F00E98F22 /* Assets.xcassets in Resources */ = {isa = PBXBuildFile; fileRef = 822E953E25530A6F00E98F22 /* Assets.xcassets */; };
		822E954225530A6F00E98F22 /* Preview Assets.xcassets in Resources */ = {isa = PBXBuildFile; fileRef = 822E954125530A6F00E98F22 /* Preview Assets.xcassets */; };
		822E954525530A6F00E98F22 /* LaunchScreen.storyboard in Resources */ = {isa = PBXBuildFile; fileRef = 822E954325530A6F00E98F22 /* LaunchScreen.storyboard */; };
		822E954D25531B5C00E98F22 /* MenuView.swift in Sources */ = {isa = PBXBuildFile; fileRef = 822E954C25531B5C00E98F22 /* MenuView.swift */; };
		822E95772553F73B00E98F22 /* LoginPageView.swift in Sources */ = {isa = PBXBuildFile; fileRef = 822E95762553F73B00E98F22 /* LoginPageView.swift */; };
		822E95792553F76200E98F22 /* CustomPasswordField.swift in Sources */ = {isa = PBXBuildFile; fileRef = 822E95782553F76200E98F22 /* CustomPasswordField.swift */; };
		82A2AC1E255916F0003B7D62 /* ShortcutView.swift in Sources */ = {isa = PBXBuildFile; fileRef = 82A2AC1D255916F0003B7D62 /* ShortcutView.swift */; };
		82F775DD25552E74006EDAEF /* DetailView.swift in Sources */ = {isa = PBXBuildFile; fileRef = 82F775DC25552E74006EDAEF /* DetailView.swift */; };
		82F775E125552EE6006EDAEF /* HomeView.swift in Sources */ = {isa = PBXBuildFile; fileRef = 82F775E025552EE6006EDAEF /* HomeView.swift */; };
		82F775E325553094006EDAEF /* ContainerView.swift in Sources */ = {isa = PBXBuildFile; fileRef = 82F775E225553094006EDAEF /* ContainerView.swift */; };
		82F775E5255538C6006EDAEF /* Extensions.swift in Sources */ = {isa = PBXBuildFile; fileRef = 82F775E4255538C6006EDAEF /* Extensions.swift */; };
		82F775E725553E1F006EDAEF /* CustomViews.swift in Sources */ = {isa = PBXBuildFile; fileRef = 82F775E625553E1F006EDAEF /* CustomViews.swift */; };
/* End PBXBuildFile section */

/* Begin PBXFileReference section */
		821AB0F42577C2D700EA39D5 /* FAQView.swift */ = {isa = PBXFileReference; lastKnownFileType = sourcecode.swift; path = FAQView.swift; sourceTree = "<group>"; };
		821AB0FA2577C9E600EA39D5 /* AboutView.swift */ = {isa = PBXFileReference; lastKnownFileType = sourcecode.swift; path = AboutView.swift; sourceTree = "<group>"; };
		821AB0FC2577CA4600EA39D5 /* ViewExtesions.swift */ = {isa = PBXFileReference; lastKnownFileType = sourcecode.swift; path = ViewExtesions.swift; sourceTree = "<group>"; };
		821AB0FE2577CC0600EA39D5 /* LanguageView.swift */ = {isa = PBXFileReference; lastKnownFileType = sourcecode.swift; path = LanguageView.swift; sourceTree = "<group>"; };
		821AB1002577D5ED00EA39D5 /* SaveAccountsView.swift */ = {isa = PBXFileReference; lastKnownFileType = sourcecode.swift; path = SaveAccountsView.swift; sourceTree = "<group>"; };
		821AB1022577DD8600EA39D5 /* LaunchView.swift */ = {isa = PBXFileReference; lastKnownFileType = sourcecode.swift; path = LaunchView.swift; sourceTree = "<group>"; };
		822E953525530A6D00E98F22 /* Wakanda.app */ = {isa = PBXFileReference; explicitFileType = wrapper.application; includeInIndex = 0; path = Wakanda.app; sourceTree = BUILT_PRODUCTS_DIR; };
		822E953825530A6D00E98F22 /* AppDelegate.swift */ = {isa = PBXFileReference; lastKnownFileType = sourcecode.swift; path = AppDelegate.swift; sourceTree = "<group>"; };
		822E953A25530A6D00E98F22 /* SceneDelegate.swift */ = {isa = PBXFileReference; lastKnownFileType = sourcecode.swift; path = SceneDelegate.swift; sourceTree = "<group>"; };
		822E953C25530A6D00E98F22 /* ContentView.swift */ = {isa = PBXFileReference; lastKnownFileType = sourcecode.swift; path = ContentView.swift; sourceTree = "<group>"; };
		822E953E25530A6F00E98F22 /* Assets.xcassets */ = {isa = PBXFileReference; lastKnownFileType = folder.assetcatalog; path = Assets.xcassets; sourceTree = "<group>"; };
		822E954125530A6F00E98F22 /* Preview Assets.xcassets */ = {isa = PBXFileReference; lastKnownFileType = folder.assetcatalog; path = "Preview Assets.xcassets"; sourceTree = "<group>"; };
		822E954425530A6F00E98F22 /* Base */ = {isa = PBXFileReference; lastKnownFileType = file.storyboard; name = Base; path = Base.lproj/LaunchScreen.storyboard; sourceTree = "<group>"; };
		822E954625530A6F00E98F22 /* Info.plist */ = {isa = PBXFileReference; lastKnownFileType = text.plist.xml; path = Info.plist; sourceTree = "<group>"; };
		822E954C25531B5C00E98F22 /* MenuView.swift */ = {isa = PBXFileReference; lastKnownFileType = sourcecode.swift; path = MenuView.swift; sourceTree = "<group>"; };
		822E95762553F73B00E98F22 /* LoginPageView.swift */ = {isa = PBXFileReference; lastKnownFileType = sourcecode.swift; path = LoginPageView.swift; sourceTree = "<group>"; };
		822E95782553F76200E98F22 /* CustomPasswordField.swift */ = {isa = PBXFileReference; lastKnownFileType = sourcecode.swift; path = CustomPasswordField.swift; sourceTree = "<group>"; };
		82A2AC1D255916F0003B7D62 /* ShortcutView.swift */ = {isa = PBXFileReference; lastKnownFileType = sourcecode.swift; path = ShortcutView.swift; sourceTree = "<group>"; };
		82F775DC25552E74006EDAEF /* DetailView.swift */ = {isa = PBXFileReference; lastKnownFileType = sourcecode.swift; path = DetailView.swift; sourceTree = "<group>"; };
		82F775E025552EE6006EDAEF /* HomeView.swift */ = {isa = PBXFileReference; lastKnownFileType = sourcecode.swift; path = HomeView.swift; sourceTree = "<group>"; };
		82F775E225553094006EDAEF /* ContainerView.swift */ = {isa = PBXFileReference; lastKnownFileType = sourcecode.swift; path = ContainerView.swift; sourceTree = "<group>"; };
		82F775E4255538C6006EDAEF /* Extensions.swift */ = {isa = PBXFileReference; lastKnownFileType = sourcecode.swift; path = Extensions.swift; sourceTree = "<group>"; };
		82F775E625553E1F006EDAEF /* CustomViews.swift */ = {isa = PBXFileReference; lastKnownFileType = sourcecode.swift; path = CustomViews.swift; sourceTree = "<group>"; };
/* End PBXFileReference section */

/* Begin PBXFrameworksBuildPhase section */
		822E953225530A6D00E98F22 /* Frameworks */ = {
			isa = PBXFrameworksBuildPhase;
			buildActionMask = 2147483647;
			files = (
			);
			runOnlyForDeploymentPostprocessing = 0;
		};
/* End PBXFrameworksBuildPhase section */

/* Begin PBXGroup section */
		821AB0F62577C32800EA39D5 /* MenuSubViews */ = {
			isa = PBXGroup;
			children = (
				821AB0F42577C2D700EA39D5 /* FAQView.swift */,
				821AB0FA2577C9E600EA39D5 /* AboutView.swift */,
				821AB0FE2577CC0600EA39D5 /* LanguageView.swift */,
				821AB1002577D5ED00EA39D5 /* SaveAccountsView.swift */,
				821AB0F72577C95D00EA39D5 /* Extensions */,
			);
			path = MenuSubViews;
			sourceTree = "<group>";
		};
		821AB0F72577C95D00EA39D5 /* Extensions */ = {
			isa = PBXGroup;
			children = (
				821AB0FC2577CA4600EA39D5 /* ViewExtesions.swift */,
			);
			path = Extensions;
			sourceTree = "<group>";
		};
		822E952C25530A6D00E98F22 = {
			isa = PBXGroup;
			children = (
				822E953725530A6D00E98F22 /* Wakanda */,
				822E953625530A6D00E98F22 /* Products */,
			);
			sourceTree = "<group>";
		};
		822E953625530A6D00E98F22 /* Products */ = {
			isa = PBXGroup;
			children = (
				822E953525530A6D00E98F22 /* Wakanda.app */,
			);
			name = Products;
			sourceTree = "<group>";
		};
		822E953725530A6D00E98F22 /* Wakanda */ = {
			isa = PBXGroup;
			children = (
				822E953825530A6D00E98F22 /* AppDelegate.swift */,
				822E953A25530A6D00E98F22 /* SceneDelegate.swift */,
				822E953C25530A6D00E98F22 /* ContentView.swift */,
				82F775E225553094006EDAEF /* ContainerView.swift */,
				82F775E025552EE6006EDAEF /* HomeView.swift */,
				822E954C25531B5C00E98F22 /* MenuView.swift */,
				821AB0F62577C32800EA39D5 /* MenuSubViews */,
				82F775DC25552E74006EDAEF /* DetailView.swift */,
				82A2AC1D255916F0003B7D62 /* ShortcutView.swift */,
				82F775E4255538C6006EDAEF /* Extensions.swift */,
				822E95762553F73B00E98F22 /* LoginPageView.swift */,
				822E95782553F76200E98F22 /* CustomPasswordField.swift */,
				82F775E625553E1F006EDAEF /* CustomViews.swift */,
				821AB1022577DD8600EA39D5 /* LaunchView.swift */,
				822E953E25530A6F00E98F22 /* Assets.xcassets */,
				822E954325530A6F00E98F22 /* LaunchScreen.storyboard */,
				822E954625530A6F00E98F22 /* Info.plist */,
				822E954025530A6F00E98F22 /* Preview Content */,
			);
			path = Wakanda;
			sourceTree = "<group>";
		};
		822E954025530A6F00E98F22 /* Preview Content */ = {
			isa = PBXGroup;
			children = (
				822E954125530A6F00E98F22 /* Preview Assets.xcassets */,
			);
			path = "Preview Content";
			sourceTree = "<group>";
		};
/* End PBXGroup section */

/* Begin PBXNativeTarget section */
		822E953425530A6D00E98F22 /* Wakanda */ = {
			isa = PBXNativeTarget;
			buildConfigurationList = 822E954925530A6F00E98F22 /* Build configuration list for PBXNativeTarget "Wakanda" */;
			buildPhases = (
				822E953125530A6D00E98F22 /* Sources */,
				822E953225530A6D00E98F22 /* Frameworks */,
				822E953325530A6D00E98F22 /* Resources */,
			);
			buildRules = (
			);
			dependencies = (
			);
			name = Wakanda;
			productName = Wakanda;
			productReference = 822E953525530A6D00E98F22 /* Wakanda.app */;
			productType = "com.apple.product-type.application";
		};
/* End PBXNativeTarget section */

/* Begin PBXProject section */
		822E952D25530A6D00E98F22 /* Project object */ = {
			isa = PBXProject;
			attributes = {
				LastSwiftUpdateCheck = 1150;
				LastUpgradeCheck = 1150;
				ORGANIZATIONNAME = "Cedric Bahirwe";
				TargetAttributes = {
					822E953425530A6D00E98F22 = {
						CreatedOnToolsVersion = 11.5;
					};
				};
			};
			buildConfigurationList = 822E953025530A6D00E98F22 /* Build configuration list for PBXProject "Wakanda" */;
			compatibilityVersion = "Xcode 9.3";
			developmentRegion = en;
			hasScannedForEncodings = 0;
			knownRegions = (
				en,
				Base,
			);
			mainGroup = 822E952C25530A6D00E98F22;
			productRefGroup = 822E953625530A6D00E98F22 /* Products */;
			projectDirPath = "";
			projectRoot = "";
			targets = (
				822E953425530A6D00E98F22 /* Wakanda */,
			);
		};
/* End PBXProject section */

/* Begin PBXResourcesBuildPhase section */
		822E953325530A6D00E98F22 /* Resources */ = {
			isa = PBXResourcesBuildPhase;
			buildActionMask = 2147483647;
			files = (
				822E954525530A6F00E98F22 /* LaunchScreen.storyboard in Resources */,
				822E954225530A6F00E98F22 /* Preview Assets.xcassets in Resources */,
				822E953F25530A6F00E98F22 /* Assets.xcassets in Resources */,
			);
			runOnlyForDeploymentPostprocessing = 0;
		};
/* End PBXResourcesBuildPhase section */

/* Begin PBXSourcesBuildPhase section */
		822E953125530A6D00E98F22 /* Sources */ = {
			isa = PBXSourcesBuildPhase;
			buildActionMask = 2147483647;
			files = (
				82A2AC1E255916F0003B7D62 /* ShortcutView.swift in Sources */,
				822E95792553F76200E98F22 /* CustomPasswordField.swift in Sources */,
				822E953925530A6D00E98F22 /* AppDelegate.swift in Sources */,
				82F775E325553094006EDAEF /* ContainerView.swift in Sources */,
				821AB0FB2577C9E600EA39D5 /* AboutView.swift in Sources */,
				822E954D25531B5C00E98F22 /* MenuView.swift in Sources */,
				82F775DD25552E74006EDAEF /* DetailView.swift in Sources */,
				821AB1032577DD8600EA39D5 /* LaunchView.swift in Sources */,
				82F775E5255538C6006EDAEF /* Extensions.swift in Sources */,
				822E953B25530A6D00E98F22 /* SceneDelegate.swift in Sources */,
				82F775E125552EE6006EDAEF /* HomeView.swift in Sources */,
				822E95772553F73B00E98F22 /* LoginPageView.swift in Sources */,
				821AB1012577D5ED00EA39D5 /* SaveAccountsView.swift in Sources */,
				821AB0FD2577CA4600EA39D5 /* ViewExtesions.swift in Sources */,
				821AB0FF2577CC0600EA39D5 /* LanguageView.swift in Sources */,
				821AB0F52577C2D700EA39D5 /* FAQView.swift in Sources */,
				82F775E725553E1F006EDAEF /* CustomViews.swift in Sources */,
				822E953D25530A6D00E98F22 /* ContentView.swift in Sources */,
			);
			runOnlyForDeploymentPostprocessing = 0;
		};
/* End PBXSourcesBuildPhase section */

/* Begin PBXVariantGroup section */
		822E954325530A6F00E98F22 /* LaunchScreen.storyboard */ = {
			isa = PBXVariantGroup;
			children = (
				822E954425530A6F00E98F22 /* Base */,
			);
			name = LaunchScreen.storyboard;
			sourceTree = "<group>";
		};
/* End PBXVariantGroup section */

/* Begin XCBuildConfiguration section */
		822E954725530A6F00E98F22 /* Debug */ = {
			isa = XCBuildConfiguration;
			buildSettings = {
				ALWAYS_SEARCH_USER_PATHS = NO;
				CLANG_ANALYZER_NONNULL = YES;
				CLANG_ANALYZER_NUMBER_OBJECT_CONVERSION = YES_AGGRESSIVE;
				CLANG_CXX_LANGUAGE_STANDARD = "gnu++14";
				CLANG_CXX_LIBRARY = "libc++";
				CLANG_ENABLE_MODULES = YES;
				CLANG_ENABLE_OBJC_ARC = YES;
				CLANG_ENABLE_OBJC_WEAK = YES;
				CLANG_WARN_BLOCK_CAPTURE_AUTORELEASING = YES;
				CLANG_WARN_BOOL_CONVERSION = YES;
				CLANG_WARN_COMMA = YES;
				CLANG_WARN_CONSTANT_CONVERSION = YES;
				CLANG_WARN_DEPRECATED_OBJC_IMPLEMENTATIONS = YES;
				CLANG_WARN_DIRECT_OBJC_ISA_USAGE = YES_ERROR;
				CLANG_WARN_DOCUMENTATION_COMMENTS = YES;
				CLANG_WARN_EMPTY_BODY = YES;
				CLANG_WARN_ENUM_CONVERSION = YES;
				CLANG_WARN_INFINITE_RECURSION = YES;
				CLANG_WARN_INT_CONVERSION = YES;
				CLANG_WARN_NON_LITERAL_NULL_CONVERSION = YES;
				CLANG_WARN_OBJC_IMPLICIT_RETAIN_SELF = YES;
				CLANG_WARN_OBJC_LITERAL_CONVERSION = YES;
				CLANG_WARN_OBJC_ROOT_CLASS = YES_ERROR;
				CLANG_WARN_RANGE_LOOP_ANALYSIS = YES;
				CLANG_WARN_STRICT_PROTOTYPES = YES;
				CLANG_WARN_SUSPICIOUS_MOVE = YES;
				CLANG_WARN_UNGUARDED_AVAILABILITY = YES_AGGRESSIVE;
				CLANG_WARN_UNREACHABLE_CODE = YES;
				CLANG_WARN__DUPLICATE_METHOD_MATCH = YES;
				COPY_PHASE_STRIP = NO;
				DEBUG_INFORMATION_FORMAT = dwarf;
				ENABLE_STRICT_OBJC_MSGSEND = YES;
				ENABLE_TESTABILITY = YES;
				GCC_C_LANGUAGE_STANDARD = gnu11;
				GCC_DYNAMIC_NO_PIC = NO;
				GCC_NO_COMMON_BLOCKS = YES;
				GCC_OPTIMIZATION_LEVEL = 0;
				GCC_PREPROCESSOR_DEFINITIONS = (
					"DEBUG=1",
					"$(inherited)",
				);
				GCC_WARN_64_TO_32_BIT_CONVERSION = YES;
				GCC_WARN_ABOUT_RETURN_TYPE = YES_ERROR;
				GCC_WARN_UNDECLARED_SELECTOR = YES;
				GCC_WARN_UNINITIALIZED_AUTOS = YES_AGGRESSIVE;
				GCC_WARN_UNUSED_FUNCTION = YES;
				GCC_WARN_UNUSED_VARIABLE = YES;
				IPHONEOS_DEPLOYMENT_TARGET = 13.5;
				MTL_ENABLE_DEBUG_INFO = INCLUDE_SOURCE;
				MTL_FAST_MATH = YES;
				ONLY_ACTIVE_ARCH = YES;
				SDKROOT = iphoneos;
				SWIFT_ACTIVE_COMPILATION_CONDITIONS = DEBUG;
				SWIFT_OPTIMIZATION_LEVEL = "-Onone";
			};
			name = Debug;
		};
		822E954825530A6F00E98F22 /* Release */ = {
			isa = XCBuildConfiguration;
			buildSettings = {
				ALWAYS_SEARCH_USER_PATHS = NO;
				CLANG_ANALYZER_NONNULL = YES;
				CLANG_ANALYZER_NUMBER_OBJECT_CONVERSION = YES_AGGRESSIVE;
				CLANG_CXX_LANGUAGE_STANDARD = "gnu++14";
				CLANG_CXX_LIBRARY = "libc++";
				CLANG_ENABLE_MODULES = YES;
				CLANG_ENABLE_OBJC_ARC = YES;
				CLANG_ENABLE_OBJC_WEAK = YES;
				CLANG_WARN_BLOCK_CAPTURE_AUTORELEASING = YES;
				CLANG_WARN_BOOL_CONVERSION = YES;
				CLANG_WARN_COMMA = YES;
				CLANG_WARN_CONSTANT_CONVERSION = YES;
				CLANG_WARN_DEPRECATED_OBJC_IMPLEMENTATIONS = YES;
				CLANG_WARN_DIRECT_OBJC_ISA_USAGE = YES_ERROR;
				CLANG_WARN_DOCUMENTATION_COMMENTS = YES;
				CLANG_WARN_EMPTY_BODY = YES;
				CLANG_WARN_ENUM_CONVERSION = YES;
				CLANG_WARN_INFINITE_RECURSION = YES;
				CLANG_WARN_INT_CONVERSION = YES;
				CLANG_WARN_NON_LITERAL_NULL_CONVERSION = YES;
				CLANG_WARN_OBJC_IMPLICIT_RETAIN_SELF = YES;
				CLANG_WARN_OBJC_LITERAL_CONVERSION = YES;
				CLANG_WARN_OBJC_ROOT_CLASS = YES_ERROR;
				CLANG_WARN_RANGE_LOOP_ANALYSIS = YES;
				CLANG_WARN_STRICT_PROTOTYPES = YES;
				CLANG_WARN_SUSPICIOUS_MOVE = YES;
				CLANG_WARN_UNGUARDED_AVAILABILITY = YES_AGGRESSIVE;
				CLANG_WARN_UNREACHABLE_CODE = YES;
				CLANG_WARN__DUPLICATE_METHOD_MATCH = YES;
				COPY_PHASE_STRIP = NO;
				DEBUG_INFORMATION_FORMAT = "dwarf-with-dsym";
				ENABLE_NS_ASSERTIONS = NO;
				ENABLE_STRICT_OBJC_MSGSEND = YES;
				GCC_C_LANGUAGE_STANDARD = gnu11;
				GCC_NO_COMMON_BLOCKS = YES;
				GCC_WARN_64_TO_32_BIT_CONVERSION = YES;
				GCC_WARN_ABOUT_RETURN_TYPE = YES_ERROR;
				GCC_WARN_UNDECLARED_SELECTOR = YES;
				GCC_WARN_UNINITIALIZED_AUTOS = YES_AGGRESSIVE;
				GCC_WARN_UNUSED_FUNCTION = YES;
				GCC_WARN_UNUSED_VARIABLE = YES;
				IPHONEOS_DEPLOYMENT_TARGET = 13.5;
				MTL_ENABLE_DEBUG_INFO = NO;
				MTL_FAST_MATH = YES;
				SDKROOT = iphoneos;
				SWIFT_COMPILATION_MODE = wholemodule;
				SWIFT_OPTIMIZATION_LEVEL = "-O";
				VALIDATE_PRODUCT = YES;
			};
			name = Release;
		};
		822E954A25530A6F00E98F22 /* Debug */ = {
			isa = XCBuildConfiguration;
			buildSettings = {
				ASSETCATALOG_COMPILER_APPICON_NAME = AppIcon;
				CODE_SIGN_STYLE = Automatic;
				DEVELOPMENT_ASSET_PATHS = "\"Wakanda/Preview Content\"";
				DEVELOPMENT_TEAM = 6V9B6LUW22;
				ENABLE_PREVIEWS = YES;
				INFOPLIST_FILE = Wakanda/Info.plist;
				LD_RUNPATH_SEARCH_PATHS = (
					"$(inherited)",
					"@executable_path/Frameworks",
				);
				PRODUCT_BUNDLE_IDENTIFIER = com.cedo.wakanda.Wakanda;
				PRODUCT_NAME = "$(TARGET_NAME)";
				SWIFT_VERSION = 5.0;
				TARGETED_DEVICE_FAMILY = "1,2";
			};
			name = Debug;
		};
		822E954B25530A6F00E98F22 /* Release */ = {
			isa = XCBuildConfiguration;
			buildSettings = {
				ASSETCATALOG_COMPILER_APPICON_NAME = AppIcon;
				CODE_SIGN_STYLE = Automatic;
				DEVELOPMENT_ASSET_PATHS = "\"Wakanda/Preview Content\"";
				DEVELOPMENT_TEAM = 6V9B6LUW22;
				ENABLE_PREVIEWS = YES;
				INFOPLIST_FILE = Wakanda/Info.plist;
				LD_RUNPATH_SEARCH_PATHS = (
					"$(inherited)",
					"@executable_path/Frameworks",
				);
				PRODUCT_BUNDLE_IDENTIFIER = com.cedo.wakanda.Wakanda;
				PRODUCT_NAME = "$(TARGET_NAME)";
				SWIFT_VERSION = 5.0;
				TARGETED_DEVICE_FAMILY = "1,2";
			};
			name = Release;
		};
/* End XCBuildConfiguration section */

/* Begin XCConfigurationList section */
		822E953025530A6D00E98F22 /* Build configuration list for PBXProject "Wakanda" */ = {
			isa = XCConfigurationList;
			buildConfigurations = (
				822E954725530A6F00E98F22 /* Debug */,
				822E954825530A6F00E98F22 /* Release */,
			);
			defaultConfigurationIsVisible = 0;
			defaultConfigurationName = Release;
		};
		822E954925530A6F00E98F22 /* Build configuration list for PBXNativeTarget "Wakanda" */ = {
			isa = XCConfigurationList;
			buildConfigurations = (
				822E954A25530A6F00E98F22 /* Debug */,
				822E954B25530A6F00E98F22 /* Release */,
			);
			defaultConfigurationIsVisible = 0;
			defaultConfigurationName = Release;
		};
/* End XCConfigurationList section */
	};
	rootObject = 822E952D25530A6D00E98F22 /* Project object */;
}
